
Microsoft Visual Studio Solution File, Format Version 12.00
# Visual Studio Version 17
VisualStudioVersion = 17.4.33213.308
MinimumVisualStudioVersion = 10.0.40219.1
Project("{9A19103F-16F7-4668-BE54-9A1E7A4F7556}") = "CompanyEmployeeDetailsAPI", "Demo_Company_API\CompanyEmployeeDetailsAPI.csproj", "{6C4B4F8C-A4CC-4F34-8DDF-382F4DFDE60D}"
EndProject
Global
	GlobalSection(SolutionConfigurationPlatforms) = preSolution
		Debug|Any CPU = Debug|Any CPU
		Release|Any CPU = Release|Any CPU
	EndGlobalSection
	GlobalSection(ProjectConfigurationPlatforms) = postSolution
		{6C4B4F8C-A4CC-4F34-8DDF-382F4DFDE60D}.Debug|Any CPU.ActiveCfg = Debug|Any CPU
		{6C4B4F8C-A4CC-4F34-8DDF-382F4DFDE60D}.Debug|Any CPU.Build.0 = Debug|Any CPU
		{6C4B4F8C-A4CC-4F34-8DDF-382F4DFDE60D}.Release|Any CPU.ActiveCfg = Release|Any CPU
		{6C4B4F8C-A4CC-4F34-8DDF-382F4DFDE60D}.Release|Any CPU.Build.0 = Release|Any CPU
	EndGlobalSection
	GlobalSection(SolutionProperties) = preSolution
		HideSolutionNode = FALSE
	EndGlobalSection
	GlobalSection(ExtensibilityGlobals) = postSolution
		SolutionGuid = {EED7D6A8-6797-48EC-9A2C-A63F5B0D83B4}
	EndGlobalSection
EndGlobal
